
Microsoft Visual Studio Solution File, Format Version 12.00
# Visual Studio 15
Project("{FAE04EC0-301F-11D3-BF4B-00C04F79EFBC}") = "Assembly-CSharp", "Assembly-CSharp.csproj", "{207069D7-070C-4A75-B541-2FFD2E841D4E}"
EndProject
Global
	GlobalSection(SolutionConfigurationPlatforms) = preSolution
		Debug|Any CPU = Debug|Any CPU
		Release|Any CPU = Release|Any CPU
	EndGlobalSection
	GlobalSection(ProjectConfigurationPlatforms) = postSolution
		{207069D7-070C-4A75-B541-2FFD2E841D4E}.Debug|Any CPU.ActiveCfg = Debug|Any CPU
		{207069D7-070C-4A75-B541-2FFD2E841D4E}.Debug|Any CPU.Build.0 = Debug|Any CPU
		{207069D7-070C-4A75-B541-2FFD2E841D4E}.Release|Any CPU.ActiveCfg = Release|Any CPU
		{207069D7-070C-4A75-B541-2FFD2E841D4E}.Release|Any CPU.Build.0 = Release|Any CPU
	EndGlobalSection
	GlobalSection(SolutionProperties) = preSolution
		HideSolutionNode = FALSE
	EndGlobalSection
EndGlobal
